
Microsoft Visual Studio Solution File, Format Version 12.00
# Visual Studio Version 16
VisualStudioVersion = 25.0.1704.3
MinimumVisualStudioVersion = 10.0.40219.1
Project("{FAE04EC0-301F-11D3-BF4B-00C04F79EFBC}") = "ReadyTech.BrewCoffee2023.API.Test", "ReadyTech.BrewCoffee2023.API.Test.csproj", "{677F7A22-D288-4A54-8D76-3C5135BAC8B2}"
EndProject
Global
	GlobalSection(SolutionConfigurationPlatforms) = preSolution
		Debug|Any CPU = Debug|Any CPU
		Release|Any CPU = Release|Any CPU
	EndGlobalSection
	GlobalSection(ProjectConfigurationPlatforms) = postSolution
		{677F7A22-D288-4A54-8D76-3C5135BAC8B2}.Debug|Any CPU.ActiveCfg = Debug|Any CPU
		{677F7A22-D288-4A54-8D76-3C5135BAC8B2}.Debug|Any CPU.Build.0 = Debug|Any CPU
		{677F7A22-D288-4A54-8D76-3C5135BAC8B2}.Release|Any CPU.ActiveCfg = Release|Any CPU
		{677F7A22-D288-4A54-8D76-3C5135BAC8B2}.Release|Any CPU.Build.0 = Release|Any CPU
	EndGlobalSection
	GlobalSection(SolutionProperties) = preSolution
		HideSolutionNode = FALSE
	EndGlobalSection
	GlobalSection(ExtensibilityGlobals) = postSolution
		SolutionGuid = {33836A10-DF66-4CE9-B689-68C307B36454}
	EndGlobalSection
EndGlobal
